
Microsoft Visual Studio Solution File, Format Version 11.00
# Visual Studio 2010
Project("{FAE04EC0-301F-11D3-BF4B-00C04F79EFBC}") = "WLWWorkaround", "WLWWorkaround\WLWWorkaround.csproj", "{213F240D-1643-4E96-BF36-303CC8ACB302}"
EndProject
Global
	GlobalSection(SolutionConfigurationPlatforms) = preSolution
		Debug|Any CPU = Debug|Any CPU
		Release|Any CPU = Release|Any CPU
	EndGlobalSection
	GlobalSection(ProjectConfigurationPlatforms) = postSolution
		{213F240D-1643-4E96-BF36-303CC8ACB302}.Debug|Any CPU.ActiveCfg = Debug|Any CPU
		{213F240D-1643-4E96-BF36-303CC8ACB302}.Debug|Any CPU.Build.0 = Debug|Any CPU
		{213F240D-1643-4E96-BF36-303CC8ACB302}.Release|Any CPU.ActiveCfg = Release|Any CPU
		{213F240D-1643-4E96-BF36-303CC8ACB302}.Release|Any CPU.Build.0 = Release|Any CPU
	EndGlobalSection
	GlobalSection(SolutionProperties) = preSolution
		HideSolutionNode = FALSE
	EndGlobalSection
EndGlobal
